{
  "requires": true,
  "lockfileVersion": 1,
  "dependencies": {
    "vant-weapp": {
      "version": "0.4.2",
      "resolved": "https://registry.npmjs.org/vant-weapp/-/vant-weapp-0.4.2.tgz",
      "integrity": "sha512-DlYn0FKOp8vQbrN0Aqo/yeCPZro2dC3WYTgHp6pWRJMyuFgchcJSawotUJkm+i/TbO3JPuTTKHEgHSZVt3ECJQ=="
    }
  }
}
